// !$*UTF8*$!
{
	archiveVersion = 1;
	classes = {
	};
	objectVersion = 46;
	objects = {

/* Begin PBXBuildFile section */
		AA6BD98D1CB23CA400591945 /* README.md in Sources */ = {isa = PBXBuildFile; fileRef = AA6BD98C1CB23CA400591945 /* README.md */; };
		AAD2B3A41CAD399900FD65D8 /* main.m in Sources */ = {isa = PBXBuildFile; fileRef = AAD2B3A31CAD399900FD65D8 /* main.m */; };
		AAD2B3A71CAD399900FD65D8 /* AppDelegate.m in Sources */ = {isa = PBXBuildFile; fileRef = AAD2B3A61CAD399900FD65D8 /* AppDelegate.m */; };
		AAD2B3AA1CAD399900FD65D8 /* ViewController.m in Sources */ = {isa = PBXBuildFile; fileRef = AAD2B3A91CAD399900FD65D8 /* ViewController.m */; };
		AAD2B3AD1CAD399900FD65D8 /* Main.storyboard in Resources */ = {isa = PBXBuildFile; fileRef = AAD2B3AB1CAD399900FD65D8 /* Main.storyboard */; };
		AAD2B3AF1CAD399900FD65D8 /* Assets.xcassets in Resources */ = {isa = PBXBuildFile; fileRef = AAD2B3AE1CAD399900FD65D8 /* Assets.xcassets */; };
		AAD2B3B21CAD399900FD65D8 /* LaunchScreen.storyboard in Resources */ = {isa = PBXBuildFile; fileRef = AAD2B3B01CAD399900FD65D8 /* LaunchScreen.storyboard */; };
		AAD2B3BB1CAD39B500FD65D8 /* AppThemeManager.m in Sources */ = {isa = PBXBuildFile; fileRef = AAD2B3BA1CAD39B500FD65D8 /* AppThemeManager.m */; };
		AAD2B3BE1CAD3F2200FD65D8 /* SettingVC.m in Sources */ = {isa = PBXBuildFile; fileRef = AAD2B3BD1CAD3F2200FD65D8 /* SettingVC.m */; };
/* End PBXBuildFile section */

/* Begin PBXFileReference section */
		AA6BD98C1CB23CA400591945 /* README.md */ = {isa = PBXFileReference; fileEncoding = 4; lastKnownFileType = net.daringfireball.markdown; path = README.md; sourceTree = "<group>"; };
		AAD2B39F1CAD399900FD65D8 /* Singlton Theme Magagement.app */ = {isa = PBXFileReference; explicitFileType = wrapper.application; includeInIndex = 0; path = "Singlton Theme Magagement.app"; sourceTree = BUILT_PRODUCTS_DIR; };
		AAD2B3A31CAD399900FD65D8 /* main.m */ = {isa = PBXFileReference; lastKnownFileType = sourcecode.c.objc; path = main.m; sourceTree = "<group>"; };
		AAD2B3A51CAD399900FD65D8 /* AppDelegate.h */ = {isa = PBXFileReference; lastKnownFileType = sourcecode.c.h; path = AppDelegate.h; sourceTree = "<group>"; };
		AAD2B3A61CAD399900FD65D8 /* AppDelegate.m */ = {isa = PBXFileReference; lastKnownFileType = sourcecode.c.objc; path = AppDelegate.m; sourceTree = "<group>"; };
		AAD2B3A81CAD399900FD65D8 /* ViewController.h */ = {isa = PBXFileReference; lastKnownFileType = sourcecode.c.h; path = ViewController.h; sourceTree = "<group>"; };
		AAD2B3A91CAD399900FD65D8 /* ViewController.m */ = {isa = PBXFileReference; lastKnownFileType = sourcecode.c.objc; path = ViewController.m; sourceTree = "<group>"; };
		AAD2B3AC1CAD399900FD65D8 /* Base */ = {isa = PBXFileReference; lastKnownFileType = file.storyboard; name = Base; path = Base.lproj/Main.storyboard; sourceTree = "<group>"; };
		AAD2B3AE1CAD399900FD65D8 /* Assets.xcassets */ = {isa = PBXFileReference; lastKnownFileType = folder.assetcatalog; path = Assets.xcassets; sourceTree = "<group>"; };
		AAD2B3B11CAD399900FD65D8 /* Base */ = {isa = PBXFileReference; lastKnownFileType = file.storyboard; name = Base; path = Base.lproj/LaunchScreen.storyboard; sourceTree = "<group>"; };
		AAD2B3B31CAD399900FD65D8 /* Info.plist */ = {isa = PBXFileReference; lastKnownFileType = text.plist.xml; path = Info.plist; sourceTree = "<group>"; };
		AAD2B3B91CAD39B500FD65D8 /* AppThemeManager.h */ = {isa = PBXFileReference; fileEncoding = 4; lastKnownFileType = sourcecode.c.h; path = AppThemeManager.h; sourceTree = "<group>"; };
		AAD2B3BA1CAD39B500FD65D8 /* AppThemeManager.m */ = {isa = PBXFileReference; fileEncoding = 4; lastKnownFileType = sourcecode.c.objc; path = AppThemeManager.m; sourceTree = "<group>"; };
		AAD2B3BC1CAD3F2200FD65D8 /* SettingVC.h */ = {isa = PBXFileReference; fileEncoding = 4; lastKnownFileType = sourcecode.c.h; path = SettingVC.h; sourceTree = "<group>"; };
		AAD2B3BD1CAD3F2200FD65D8 /* SettingVC.m */ = {isa = PBXFileReference; fileEncoding = 4; lastKnownFileType = sourcecode.c.objc; path = SettingVC.m; sourceTree = "<group>"; };
/* End PBXFileReference section */

/* Begin PBXFrameworksBuildPhase section */
		AAD2B39C1CAD399900FD65D8 /* Frameworks */ = {
			isa = PBXFrameworksBuildPhase;
			buildActionMask = 2147483647;
			files = (
			);
			runOnlyForDeploymentPostprocessing = 0;
		};
/* End PBXFrameworksBuildPhase section */

/* Begin PBXGroup section */
		AA6BD9881CB23A1F00591945 /* AppDelegate */ = {
			isa = PBXGroup;
			children = (
				AAD2B3A51CAD399900FD65D8 /* AppDelegate.h */,
				AAD2B3A61CAD399900FD65D8 /* AppDelegate.m */,
			);
			name = AppDelegate;
			sourceTree = "<group>";
		};
		AA6BD9891CB23A2700591945 /* View1 */ = {
			isa = PBXGroup;
			children = (
				AAD2B3A81CAD399900FD65D8 /* ViewController.h */,
				AAD2B3A91CAD399900FD65D8 /* ViewController.m */,
			);
			name = View1;
			sourceTree = "<group>";
		};
		AA6BD98A1CB23A2E00591945 /* View2 */ = {
			isa = PBXGroup;
			children = (
				AAD2B3BC1CAD3F2200FD65D8 /* SettingVC.h */,
				AAD2B3BD1CAD3F2200FD65D8 /* SettingVC.m */,
			);
			name = View2;
			sourceTree = "<group>";
		};
		AA6BD98B1CB23A3A00591945 /* Theme Manager Singlton Class */ = {
			isa = PBXGroup;
			children = (
				AAD2B3B91CAD39B500FD65D8 /* AppThemeManager.h */,
				AAD2B3BA1CAD39B500FD65D8 /* AppThemeManager.m */,
			);
			name = "Theme Manager Singlton Class";
			sourceTree = "<group>";
		};
		AAD2B3961CAD399900FD65D8 = {
			isa = PBXGroup;
			children = (
				AAD2B3A11CAD399900FD65D8 /* Singlton Theme Magagement */,
				AAD2B3A01CAD399900FD65D8 /* Products */,
			);
			sourceTree = "<group>";
		};
		AAD2B3A01CAD399900FD65D8 /* Products */ = {
			isa = PBXGroup;
			children = (
				AAD2B39F1CAD399900FD65D8 /* Singlton Theme Magagement.app */,
			);
			name = Products;
			sourceTree = "<group>";
		};
		AAD2B3A11CAD399900FD65D8 /* Singlton Theme Magagement */ = {
			isa = PBXGroup;
			children = (
				AA6BD98B1CB23A3A00591945 /* Theme Manager Singlton Class */,
				AA6BD98A1CB23A2E00591945 /* View2 */,
				AA6BD9891CB23A2700591945 /* View1 */,
				AA6BD9881CB23A1F00591945 /* AppDelegate */,
				AAD2B3A21CAD399900FD65D8 /* Supporting Files */,
			);
			path = "Singlton Theme Magagement";
			sourceTree = "<group>";
		};
		AAD2B3A21CAD399900FD65D8 /* Supporting Files */ = {
			isa = PBXGroup;
			children = (
				AA6BD98C1CB23CA400591945 /* README.md */,
				AAD2B3AB1CAD399900FD65D8 /* Main.storyboard */,
				AAD2B3AE1CAD399900FD65D8 /* Assets.xcassets */,
				AAD2B3B01CAD399900FD65D8 /* LaunchScreen.storyboard */,
				AAD2B3B31CAD399900FD65D8 /* Info.plist */,
				AAD2B3A31CAD399900FD65D8 /* main.m */,
			);
			name = "Supporting Files";
			sourceTree = "<group>";
		};
/* End PBXGroup section */

/* Begin PBXNativeTarget section */
		AAD2B39E1CAD399900FD65D8 /* Singlton Theme Magagement */ = {
			isa = PBXNativeTarget;
			buildConfigurationList = AAD2B3B61CAD399900FD65D8 /* Build configuration list for PBXNativeTarget "Singlton Theme Magagement" */;
			buildPhases = (
				AAD2B39B1CAD399900FD65D8 /* Sources */,
				AAD2B39C1CAD399900FD65D8 /* Frameworks */,
				AAD2B39D1CAD399900FD65D8 /* Resources */,
			);
			buildRules = (
			);
			dependencies = (
			);
			name = "Singlton Theme Magagement";
			productName = "Singlton Theme Magagement";
			productReference = AAD2B39F1CAD399900FD65D8 /* Singlton Theme Magagement.app */;
			productType = "com.apple.product-type.application";
		};
/* End PBXNativeTarget section */

/* Begin PBXProject section */
		AAD2B3971CAD399900FD65D8 /* Project object */ = {
			isa = PBXProject;
			attributes = {
				LastUpgradeCheck = 0720;
				ORGANIZATIONNAME = "Sagar Shirbhate";
				TargetAttributes = {
					AAD2B39E1CAD399900FD65D8 = {
						CreatedOnToolsVersion = 7.2.1;
					};
				};
			};
			buildConfigurationList = AAD2B39A1CAD399900FD65D8 /* Build configuration list for PBXProject "Singlton Theme Magagement" */;
			compatibilityVersion = "Xcode 3.2";
			developmentRegion = English;
			hasScannedForEncodings = 0;
			knownRegions = (
				en,
				Base,
			);
			mainGroup = AAD2B3961CAD399900FD65D8;
			productRefGroup = AAD2B3A01CAD399900FD65D8 /* Products */;
			projectDirPath = "";
			projectRoot = "";
			targets = (
				AAD2B39E1CAD399900FD65D8 /* Singlton Theme Magagement */,
			);
		};
/* End PBXProject section */

/* Begin PBXResourcesBuildPhase section */
		AAD2B39D1CAD399900FD65D8 /* Resources */ = {
			isa = PBXResourcesBuildPhase;
			buildActionMask = 2147483647;
			files = (
				AAD2B3B21CAD399900FD65D8 /* LaunchScreen.storyboard in Resources */,
				AAD2B3AF1CAD399900FD65D8 /* Assets.xcassets in Resources */,
				AAD2B3AD1CAD399900FD65D8 /* Main.storyboard in Resources */,
			);
			runOnlyForDeploymentPostprocessing = 0;
		};
/* End PBXResourcesBuildPhase section */

/* Begin PBXSourcesBuildPhase section */
		AAD2B39B1CAD399900FD65D8 /* Sources */ = {
			isa = PBXSourcesBuildPhase;
			buildActionMask = 2147483647;
			files = (
				AA6BD98D1CB23CA400591945 /* README.md in Sources */,
				AAD2B3BE1CAD3F2200FD65D8 /* SettingVC.m in Sources */,
				AAD2B3AA1CAD399900FD65D8 /* ViewController.m in Sources */,
				AAD2B3A71CAD399900FD65D8 /* AppDelegate.m in Sources */,
				AAD2B3A41CAD399900FD65D8 /* main.m in Sources */,
				AAD2B3BB1CAD39B500FD65D8 /* AppThemeManager.m in Sources */,
			);
			runOnlyForDeploymentPostprocessing = 0;
		};
/* End PBXSourcesBuildPhase section */

/* Begin PBXVariantGroup section */
		AAD2B3AB1CAD399900FD65D8 /* Main.storyboard */ = {
			isa = PBXVariantGroup;
			children = (
				AAD2B3AC1CAD399900FD65D8 /* Base */,
			);
			name = Main.storyboard;
			sourceTree = "<group>";
		};
		AAD2B3B01CAD399900FD65D8 /* LaunchScreen.storyboard */ = {
			isa = PBXVariantGroup;
			children = (
				AAD2B3B11CAD399900FD65D8 /* Base */,
			);
			name = LaunchScreen.storyboard;
			sourceTree = "<group>";
		};
/* End PBXVariantGroup section */

/* Begin XCBuildConfiguration section */
		AAD2B3B41CAD399900FD65D8 /* Debug */ = {
			isa = XCBuildConfiguration;
			buildSettings = {
				ALWAYS_SEARCH_USER_PATHS = NO;
				CLANG_CXX_LANGUAGE_STANDARD = "gnu++0x";
				CLANG_CXX_LIBRARY = "libc++";
				CLANG_ENABLE_MODULES = YES;
				CLANG_ENABLE_OBJC_ARC = YES;
				CLANG_WARN_BOOL_CONVERSION = YES;
				CLANG_WARN_CONSTANT_CONVERSION = YES;
				CLANG_WARN_DIRECT_OBJC_ISA_USAGE = YES_ERROR;
				CLANG_WARN_EMPTY_BODY = YES;
				CLANG_WARN_ENUM_CONVERSION = YES;
				CLANG_WARN_INT_CONVERSION = YES;
				CLANG_WARN_OBJC_ROOT_CLASS = YES_ERROR;
				CLANG_WARN_UNREACHABLE_CODE = YES;
				CLANG_WARN__DUPLICATE_METHOD_MATCH = YES;
				"CODE_SIGN_IDENTITY[sdk=iphoneos*]" = "iPhone Developer";
				COPY_PHASE_STRIP = NO;
				DEBUG_INFORMATION_FORMAT = dwarf;
				ENABLE_STRICT_OBJC_MSGSEND = YES;
				ENABLE_TESTABILITY = YES;
				GCC_C_LANGUAGE_STANDARD = gnu99;
				GCC_DYNAMIC_NO_PIC = NO;
				GCC_NO_COMMON_BLOCKS = YES;
				GCC_OPTIMIZATION_LEVEL = 0;
				GCC_PREPROCESSOR_DEFINITIONS = (
					"DEBUG=1",
					"$(inherited)",
				);
				GCC_WARN_64_TO_32_BIT_CONVERSION = YES;
				GCC_WARN_ABOUT_RETURN_TYPE = YES_ERROR;
				GCC_WARN_UNDECLARED_SELECTOR = YES;
				GCC_WARN_UNINITIALIZED_AUTOS = YES_AGGRESSIVE;
				GCC_WARN_UNUSED_FUNCTION = YES;
				GCC_WARN_UNUSED_VARIABLE = YES;
				IPHONEOS_DEPLOYMENT_TARGET = 9.2;
				MTL_ENABLE_DEBUG_INFO = YES;
				ONLY_ACTIVE_ARCH = YES;
				SDKROOT = iphoneos;
				TARGETED_DEVICE_FAMILY = "1,2";
			};
			name = Debug;
		};
		AAD2B3B51CAD399900FD65D8 /* Release */ = {
			isa = XCBuildConfiguration;
			buildSettings = {
				ALWAYS_SEARCH_USER_PATHS = NO;
				CLANG_CXX_LANGUAGE_STANDARD = "gnu++0x";
				CLANG_CXX_LIBRARY = "libc++";
				CLANG_ENABLE_MODULES = YES;
				CLANG_ENABLE_OBJC_ARC = YES;
				CLANG_WARN_BOOL_CONVERSION = YES;
				CLANG_WARN_CONSTANT_CONVERSION = YES;
				CLANG_WARN_DIRECT_OBJC_ISA_USAGE = YES_ERROR;
				CLANG_WARN_EMPTY_BODY = YES;
				CLANG_WARN_ENUM_CONVERSION = YES;
				CLANG_WARN_INT_CONVERSION = YES;
				CLANG_WARN_OBJC_ROOT_CLASS = YES_ERROR;
				CLANG_WARN_UNREACHABLE_CODE = YES;
				CLANG_WARN__DUPLICATE_METHOD_MATCH = YES;
				"CODE_SIGN_IDENTITY[sdk=iphoneos*]" = "iPhone Developer";
				COPY_PHASE_STRIP = NO;
				DEBUG_INFORMATION_FORMAT = "dwarf-with-dsym";
				ENABLE_NS_ASSERTIONS = NO;
				ENABLE_STRICT_OBJC_MSGSEND = YES;
				GCC_C_LANGUAGE_STANDARD = gnu99;
				GCC_NO_COMMON_BLOCKS = YES;
				GCC_WARN_64_TO_32_BIT_CONVERSION = YES;
				GCC_WARN_ABOUT_RETURN_TYPE = YES_ERROR;
				GCC_WARN_UNDECLARED_SELECTOR = YES;
				GCC_WARN_UNINITIALIZED_AUTOS = YES_AGGRESSIVE;
				GCC_WARN_UNUSED_FUNCTION = YES;
				GCC_WARN_UNUSED_VARIABLE = YES;
				IPHONEOS_DEPLOYMENT_TARGET = 9.2;
				MTL_ENABLE_DEBUG_INFO = NO;
				SDKROOT = iphoneos;
				TARGETED_DEVICE_FAMILY = "1,2";
				VALIDATE_PRODUCT = YES;
			};
			name = Release;
		};
		AAD2B3B71CAD399900FD65D8 /* Debug */ = {
			isa = XCBuildConfiguration;
			buildSettings = {
				ASSETCATALOG_COMPILER_APPICON_NAME = AppIcon;
				INFOPLIST_FILE = "Singlton Theme Magagement/Info.plist";
				LD_RUNPATH_SEARCH_PATHS = "$(inherited) @executable_path/Frameworks";
				PRODUCT_BUNDLE_IDENTIFIER = "sagar.Singlton-Theme-Magagement";
				PRODUCT_NAME = "$(TARGET_NAME)";
			};
			name = Debug;
		};
		AAD2B3B81CAD399900FD65D8 /* Release */ = {
			isa = XCBuildConfiguration;
			buildSettings = {
				ASSETCATALOG_COMPILER_APPICON_NAME = AppIcon;
				INFOPLIST_FILE = "Singlton Theme Magagement/Info.plist";
				LD_RUNPATH_SEARCH_PATHS = "$(inherited) @executable_path/Frameworks";
				PRODUCT_BUNDLE_IDENTIFIER = "sagar.Singlton-Theme-Magagement";
				PRODUCT_NAME = "$(TARGET_NAME)";
			};
			name = Release;
		};
/* End XCBuildConfiguration section */

/* Begin XCConfigurationList section */
		AAD2B39A1CAD399900FD65D8 /* Build configuration list for PBXProject "Singlton Theme Magagement" */ = {
			isa = XCConfigurationList;
			buildConfigurations = (
				AAD2B3B41CAD399900FD65D8 /* Debug */,
				AAD2B3B51CAD399900FD65D8 /* Release */,
			);
			defaultConfigurationIsVisible = 0;
			defaultConfigurationName = Release;
		};
		AAD2B3B61CAD399900FD65D8 /* Build configuration list for PBXNativeTarget "Singlton Theme Magagement" */ = {
			isa = XCConfigurationList;
			buildConfigurations = (
				AAD2B3B71CAD399900FD65D8 /* Debug */,
				AAD2B3B81CAD399900FD65D8 /* Release */,
			);
			defaultConfigurationIsVisible = 0;
			defaultConfigurationName = Release;
		};
/* End XCConfigurationList section */
	};
	rootObject = AAD2B3971CAD399900FD65D8 /* Project object */;
}
